
Microsoft Visual Studio Solution File, Format Version 11.00
# Visual Studio 2010
Project("{FAE04EC0-301F-11D3-BF4B-00C04F79EFBC}") = "RustFlakes", "RustFlakes\RustFlakes.csproj", "{D3BD6E18-A22B-43BE-B778-FBED599E6333}"
EndProject
Project("{FAE04EC0-301F-11D3-BF4B-00C04F79EFBC}") = "ConsoleFlakes", "ConsoleFlakes\ConsoleFlakes.csproj", "{71675FE1-46A1-4CEA-9F67-4496E63016EA}"
EndProject
Project("{FAE04EC0-301F-11D3-BF4B-00C04F79EFBC}") = "RustFlakesService", "RustFlakesService\RustFlakesService.csproj", "{8A2CB1F9-E86B-48E0-B621-17B68A083019}"
EndProject
Global
	GlobalSection(SolutionConfigurationPlatforms) = preSolution
		Debug|x86 = Debug|x86
		Release|x86 = Release|x86
	EndGlobalSection
	GlobalSection(ProjectConfigurationPlatforms) = postSolution
		{D3BD6E18-A22B-43BE-B778-FBED599E6333}.Debug|x86.ActiveCfg = Debug|x86
		{D3BD6E18-A22B-43BE-B778-FBED599E6333}.Debug|x86.Build.0 = Debug|x86
		{D3BD6E18-A22B-43BE-B778-FBED599E6333}.Release|x86.ActiveCfg = Release|x86
		{D3BD6E18-A22B-43BE-B778-FBED599E6333}.Release|x86.Build.0 = Release|x86
		{71675FE1-46A1-4CEA-9F67-4496E63016EA}.Debug|x86.ActiveCfg = Debug|x86
		{71675FE1-46A1-4CEA-9F67-4496E63016EA}.Debug|x86.Build.0 = Debug|x86
		{71675FE1-46A1-4CEA-9F67-4496E63016EA}.Release|x86.ActiveCfg = Release|x86
		{71675FE1-46A1-4CEA-9F67-4496E63016EA}.Release|x86.Build.0 = Release|x86
		{8A2CB1F9-E86B-48E0-B621-17B68A083019}.Debug|x86.ActiveCfg = Debug|x86
		{8A2CB1F9-E86B-48E0-B621-17B68A083019}.Debug|x86.Build.0 = Debug|x86
		{8A2CB1F9-E86B-48E0-B621-17B68A083019}.Release|x86.ActiveCfg = Release|x86
		{8A2CB1F9-E86B-48E0-B621-17B68A083019}.Release|x86.Build.0 = Release|x86
	EndGlobalSection
	GlobalSection(SolutionProperties) = preSolution
		HideSolutionNode = FALSE
	EndGlobalSection
EndGlobal
